
Microsoft Visual Studio Solution File, Format Version 12.00
# Visual Studio Express 2012 for Windows Desktop
Project("{FAE04EC0-301F-11D3-BF4B-00C04F79EFBC}") = "MCPaintings", "MCPaintings\MCPaintings.csproj", "{7AD08E06-3A27-4DA0-8DF3-CA0AFA93F74A}"
EndProject
Global
	GlobalSection(SolutionConfigurationPlatforms) = preSolution
		Debug|Any CPU = Debug|Any CPU
		Release|Any CPU = Release|Any CPU
	EndGlobalSection
	GlobalSection(ProjectConfigurationPlatforms) = postSolution
		{7AD08E06-3A27-4DA0-8DF3-CA0AFA93F74A}.Debug|Any CPU.ActiveCfg = Debug|Any CPU
		{7AD08E06-3A27-4DA0-8DF3-CA0AFA93F74A}.Debug|Any CPU.Build.0 = Debug|Any CPU
		{7AD08E06-3A27-4DA0-8DF3-CA0AFA93F74A}.Release|Any CPU.ActiveCfg = Release|Any CPU
		{7AD08E06-3A27-4DA0-8DF3-CA0AFA93F74A}.Release|Any CPU.Build.0 = Release|Any CPU
	EndGlobalSection
	GlobalSection(SolutionProperties) = preSolution
		HideSolutionNode = FALSE
	EndGlobalSection
EndGlobal
